
Microsoft Visual Studio Solution File, Format Version 12.00
# Visual Studio Version 17
VisualStudioVersion = 17.7.34031.279
MinimumVisualStudioVersion = 10.0.40219.1
Project("{FAE04EC0-301F-11D3-BF4B-00C04F79EFBC}") = "SignalRDemo", "SignalRDemo.csproj", "{8401239D-1E65-4E80-A106-9BFC01F8B1B8}"
EndProject
Global
	GlobalSection(SolutionConfigurationPlatforms) = preSolution
		Debug|Any CPU = Debug|Any CPU
		Release|Any CPU = Release|Any CPU
	EndGlobalSection
	GlobalSection(ProjectConfigurationPlatforms) = postSolution
		{8401239D-1E65-4E80-A106-9BFC01F8B1B8}.Debug|Any CPU.ActiveCfg = Debug|Any CPU
		{8401239D-1E65-4E80-A106-9BFC01F8B1B8}.Debug|Any CPU.Build.0 = Debug|Any CPU
		{8401239D-1E65-4E80-A106-9BFC01F8B1B8}.Release|Any CPU.ActiveCfg = Release|Any CPU
		{8401239D-1E65-4E80-A106-9BFC01F8B1B8}.Release|Any CPU.Build.0 = Release|Any CPU
	EndGlobalSection
	GlobalSection(SolutionProperties) = preSolution
		HideSolutionNode = FALSE
	EndGlobalSection
	GlobalSection(ExtensibilityGlobals) = postSolution
		SolutionGuid = {9E53F46E-771A-4A42-8D56-148BE28598CA}
	EndGlobalSection
EndGlobal
